// !$*UTF8*$!
{
	archiveVersion = 1;
	classes = {
	};
	objectVersion = 46;
	objects = {

/* Begin PBXBuildFile section */
		AB2AC2A11A7F225300A1DEB3 /* libSDL2.a in Frameworks */ = {isa = PBXBuildFile; fileRef = AB2AC29F1A7F224100A1DEB3 /* libSDL2.a */; };
		AB2AC2A31A7F226D00A1DEB3 /* libSDL_mixer.a in Frameworks */ = {isa = PBXBuildFile; fileRef = AB2AC2A21A7F226D00A1DEB3 /* libSDL_mixer.a */; };
		AB558ECF1A8B0C4C005AA830 /* c_cmds.c in Sources */ = {isa = PBXBuildFile; fileRef = AB558ECC1A8B0C4C005AA830 /* c_cmds.c */; };
		AB558ED01A8B0C4C005AA830 /* c_console.c in Sources */ = {isa = PBXBuildFile; fileRef = AB558ECE1A8B0C4C005AA830 /* c_console.c */; };
		AB6C2BDD1A78939E001CADB5 /* am_map.c in Sources */ = {isa = PBXBuildFile; fileRef = AB6C2B991A78939E001CADB5 /* am_map.c */; };
		AB6C2BDE1A78939E001CADB5 /* d_deh.c in Sources */ = {isa = PBXBuildFile; fileRef = AB6C2B9B1A78939E001CADB5 /* d_deh.c */; };
		AB6C2BDF1A78939E001CADB5 /* d_items.c in Sources */ = {isa = PBXBuildFile; fileRef = AB6C2B9F1A78939E001CADB5 /* d_items.c */; };
		AB6C2BE01A78939E001CADB5 /* d_iwad.c in Sources */ = {isa = PBXBuildFile; fileRef = AB6C2BA11A78939E001CADB5 /* d_iwad.c */; };
		AB6C2BE11A78939E001CADB5 /* d_main.c in Sources */ = {isa = PBXBuildFile; fileRef = AB6C2BA31A78939E001CADB5 /* d_main.c */; };
		AB6C2BE21A78939E001CADB5 /* d_net.c in Sources */ = {isa = PBXBuildFile; fileRef = AB6C2BA51A78939E001CADB5 /* d_net.c */; };
		AB6C2BE31A78939E001CADB5 /* doomstat.c in Sources */ = {isa = PBXBuildFile; fileRef = AB6C2BAD1A78939E001CADB5 /* doomstat.c */; };
		AB6C2BE41A78939E001CADB5 /* dstrings.c in Sources */ = {isa = PBXBuildFile; fileRef = AB6C2BB01A78939E001CADB5 /* dstrings.c */; };
		AB6C2BE51A78939E001CADB5 /* f_finale.c in Sources */ = {isa = PBXBuildFile; fileRef = AB6C2BB21A78939E001CADB5 /* f_finale.c */; };
		AB6C2BE61A78939E001CADB5 /* f_wipe.c in Sources */ = {isa = PBXBuildFile; fileRef = AB6C2BB41A78939E001CADB5 /* f_wipe.c */; };
		AB6C2BE71A78939E001CADB5 /* g_game.c in Sources */ = {isa = PBXBuildFile; fileRef = AB6C2BB61A78939E001CADB5 /* g_game.c */; };
		AB6C2BE81A78939E001CADB5 /* hu_lib.c in Sources */ = {isa = PBXBuildFile; fileRef = AB6C2BB81A78939E001CADB5 /* hu_lib.c */; };
		AB6C2BE91A78939E001CADB5 /* hu_stuff.c in Sources */ = {isa = PBXBuildFile; fileRef = AB6C2BBA1A78939E001CADB5 /* hu_stuff.c */; };
		AB6C2BEA1A78939E001CADB5 /* i_gamepad.c in Sources */ = {isa = PBXBuildFile; fileRef = AB6C2BBC1A78939E001CADB5 /* i_gamepad.c */; };
		AB6C2BEB1A78939E001CADB5 /* i_main.c in Sources */ = {isa = PBXBuildFile; fileRef = AB6C2BBE1A78939E001CADB5 /* i_main.c */; };
		AB6C2BEC1A78939E001CADB5 /* i_sdlmusic.c in Sources */ = {isa = PBXBuildFile; fileRef = AB6C2BBF1A78939E001CADB5 /* i_sdlmusic.c */; };
		AB6C2BED1A78939E001CADB5 /* i_sdlsound.c in Sources */ = {isa = PBXBuildFile; fileRef = AB6C2BC01A78939E001CADB5 /* i_sdlsound.c */; };
		AB6C2BEE1A78939E001CADB5 /* i_system.c in Sources */ = {isa = PBXBuildFile; fileRef = AB6C2BC21A78939E001CADB5 /* i_system.c */; };
		AB6C2BEF1A78939E001CADB5 /* i_timer.c in Sources */ = {isa = PBXBuildFile; fileRef = AB6C2BC41A78939E001CADB5 /* i_timer.c */; };
		AB6C2BF01A78939E001CADB5 /* i_tinttab.c in Sources */ = {isa = PBXBuildFile; fileRef = AB6C2BC61A78939E001CADB5 /* i_tinttab.c */; };
		AB6C2BF11A78939E001CADB5 /* i_video.c in Sources */ = {isa = PBXBuildFile; fileRef = AB6C2BC81A78939E001CADB5 /* i_video.c */; };
		AB6C2BF21A78939E001CADB5 /* info.c in Sources */ = {isa = PBXBuildFile; fileRef = AB6C2BCA1A78939E001CADB5 /* info.c */; };
		AB6C2BF31A78939E001CADB5 /* m_argv.c in Sources */ = {isa = PBXBuildFile; fileRef = AB6C2BCD1A78939E001CADB5 /* m_argv.c */; };
		AB6C2BF41A78939E001CADB5 /* m_bbox.c in Sources */ = {isa = PBXBuildFile; fileRef = AB6C2BCF1A78939E001CADB5 /* m_bbox.c */; };
		AB6C2BF51A78939E001CADB5 /* m_cheat.c in Sources */ = {isa = PBXBuildFile; fileRef = AB6C2BD11A78939E001CADB5 /* m_cheat.c */; };
		AB6C2BF61A78939E001CADB5 /* m_config.c in Sources */ = {isa = PBXBuildFile; fileRef = AB6C2BD31A78939E001CADB5 /* m_config.c */; };
		AB6C2BF71A78939E001CADB5 /* m_fixed.c in Sources */ = {isa = PBXBuildFile; fileRef = AB6C2BD51A78939E001CADB5 /* m_fixed.c */; };
		AB6C2BF81A78939E001CADB5 /* m_menu.c in Sources */ = {isa = PBXBuildFile; fileRef = AB6C2BD71A78939E001CADB5 /* m_menu.c */; };
		AB6C2BF91A78939E001CADB5 /* m_misc.c in Sources */ = {isa = PBXBuildFile; fileRef = AB6C2BD91A78939E001CADB5 /* m_misc.c */; };
		AB6C2BFA1A78939E001CADB5 /* m_random.c in Sources */ = {isa = PBXBuildFile; fileRef = AB6C2BDB1A78939E001CADB5 /* m_random.c */; };
		AB6C2C4D1A7893D3001CADB5 /* memio.c in Sources */ = {isa = PBXBuildFile; fileRef = AB6C2BFB1A7893D3001CADB5 /* memio.c */; };
		AB6C2C4E1A7893D3001CADB5 /* midifile.c in Sources */ = {isa = PBXBuildFile; fileRef = AB6C2BFD1A7893D3001CADB5 /* midifile.c */; };
		AB6C2C4F1A7893D3001CADB5 /* mus2mid.c in Sources */ = {isa = PBXBuildFile; fileRef = AB6C2BFF1A7893D3001CADB5 /* mus2mid.c */; };
		AB6C2C501A7893D3001CADB5 /* p_ceilng.c in Sources */ = {isa = PBXBuildFile; fileRef = AB6C2C011A7893D3001CADB5 /* p_ceilng.c */; };
		AB6C2C511A7893D3001CADB5 /* p_doors.c in Sources */ = {isa = PBXBuildFile; fileRef = AB6C2C021A7893D3001CADB5 /* p_doors.c */; };
		AB6C2C521A7893D3001CADB5 /* p_enemy.c in Sources */ = {isa = PBXBuildFile; fileRef = AB6C2C031A7893D3001CADB5 /* p_enemy.c */; };
		AB6C2C531A7893D3001CADB5 /* p_fix.c in Sources */ = {isa = PBXBuildFile; fileRef = AB6C2C041A7893D3001CADB5 /* p_fix.c */; };
		AB6C2C541A7893D3001CADB5 /* p_floor.c in Sources */ = {isa = PBXBuildFile; fileRef = AB6C2C061A7893D3001CADB5 /* p_floor.c */; };
		AB6C2C551A7893D3001CADB5 /* p_inter.c in Sources */ = {isa = PBXBuildFile; fileRef = AB6C2C071A7893D3001CADB5 /* p_inter.c */; };
		AB6C2C561A7893D3001CADB5 /* p_lights.c in Sources */ = {isa = PBXBuildFile; fileRef = AB6C2C091A7893D3001CADB5 /* p_lights.c */; };
		AB6C2C571A7893D3001CADB5 /* p_map.c in Sources */ = {isa = PBXBuildFile; fileRef = AB6C2C0B1A7893D3001CADB5 /* p_map.c */; };
		AB6C2C581A7893D3001CADB5 /* p_maputl.c in Sources */ = {isa = PBXBuildFile; fileRef = AB6C2C0C1A7893D3001CADB5 /* p_maputl.c */; };
		AB6C2C591A7893D3001CADB5 /* p_mobj.c in Sources */ = {isa = PBXBuildFile; fileRef = AB6C2C0D1A7893D3001CADB5 /* p_mobj.c */; };
		AB6C2C5A1A7893D3001CADB5 /* p_plats.c in Sources */ = {isa = PBXBuildFile; fileRef = AB6C2C0F1A7893D3001CADB5 /* p_plats.c */; };
		AB6C2C5B1A7893D3001CADB5 /* p_pspr.c in Sources */ = {isa = PBXBuildFile; fileRef = AB6C2C101A7893D3001CADB5 /* p_pspr.c */; };
		AB6C2C5C1A7893D3001CADB5 /* p_saveg.c in Sources */ = {isa = PBXBuildFile; fileRef = AB6C2C121A7893D3001CADB5 /* p_saveg.c */; };
		AB6C2C5D1A7893D3001CADB5 /* p_setup.c in Sources */ = {isa = PBXBuildFile; fileRef = AB6C2C141A7893D3001CADB5 /* p_setup.c */; };
		AB6C2C5E1A7893D3001CADB5 /* p_sight.c in Sources */ = {isa = PBXBuildFile; fileRef = AB6C2C161A7893D3001CADB5 /* p_sight.c */; };
		AB6C2C5F1A7893D3001CADB5 /* p_spec.c in Sources */ = {isa = PBXBuildFile; fileRef = AB6C2C171A7893D3001CADB5 /* p_spec.c */; };
		AB6C2C601A7893D3001CADB5 /* p_switch.c in Sources */ = {isa = PBXBuildFile; fileRef = AB6C2C191A7893D3001CADB5 /* p_switch.c */; };
		AB6C2C611A7893D3001CADB5 /* p_telept.c in Sources */ = {isa = PBXBuildFile; fileRef = AB6C2C1A1A7893D3001CADB5 /* p_telept.c */; };
		AB6C2C621A7893D3001CADB5 /* p_tick.c in Sources */ = {isa = PBXBuildFile; fileRef = AB6C2C1B1A7893D3001CADB5 /* p_tick.c */; };
		AB6C2C631A7893D3001CADB5 /* p_user.c in Sources */ = {isa = PBXBuildFile; fileRef = AB6C2C1D1A7893D3001CADB5 /* p_user.c */; };
		AB6C2C641A7893D3001CADB5 /* r_bsp.c in Sources */ = {isa = PBXBuildFile; fileRef = AB6C2C1E1A7893D3001CADB5 /* r_bsp.c */; };
		AB6C2C651A7893D3001CADB5 /* r_data.c in Sources */ = {isa = PBXBuildFile; fileRef = AB6C2C201A7893D3001CADB5 /* r_data.c */; };
		AB6C2C661A7893D3001CADB5 /* r_draw.c in Sources */ = {isa = PBXBuildFile; fileRef = AB6C2C231A7893D3001CADB5 /* r_draw.c */; };
		AB6C2C671A7893D3001CADB5 /* r_main.c in Sources */ = {isa = PBXBuildFile; fileRef = AB6C2C261A7893D3001CADB5 /* r_main.c */; };
		AB6C2C681A7893D3001CADB5 /* r_plane.c in Sources */ = {isa = PBXBuildFile; fileRef = AB6C2C281A7893D3001CADB5 /* r_plane.c */; };
		AB6C2C691A7893D3001CADB5 /* r_segs.c in Sources */ = {isa = PBXBuildFile; fileRef = AB6C2C2A1A7893D3001CADB5 /* r_segs.c */; };
		AB6C2C6A1A7893D3001CADB5 /* r_sky.c in Sources */ = {isa = PBXBuildFile; fileRef = AB6C2C2C1A7893D3001CADB5 /* r_sky.c */; };
		AB6C2C6B1A7893D3001CADB5 /* r_things.c in Sources */ = {isa = PBXBuildFile; fileRef = AB6C2C2F1A7893D3001CADB5 /* r_things.c */; };
		AB6C2C6C1A7893D3001CADB5 /* s_sound.c in Sources */ = {isa = PBXBuildFile; fileRef = AB6C2C311A7893D3001CADB5 /* s_sound.c */; };
		AB6C2C6D1A7893D3001CADB5 /* sounds.c in Sources */ = {isa = PBXBuildFile; fileRef = AB6C2C331A7893D3001CADB5 /* sounds.c */; };
		AB6C2C6E1A7893D3001CADB5 /* st_lib.c in Sources */ = {isa = PBXBuildFile; fileRef = AB6C2C351A7893D3001CADB5 /* st_lib.c */; };
		AB6C2C6F1A7893D3001CADB5 /* st_stuff.c in Sources */ = {isa = PBXBuildFile; fileRef = AB6C2C371A7893D3001CADB5 /* st_stuff.c */; };
		AB6C2C701A7893D3001CADB5 /* v_data.c in Sources */ = {isa = PBXBuildFile; fileRef = AB6C2C3B1A7893D3001CADB5 /* v_data.c */; };
		AB6C2C711A7893D3001CADB5 /* v_video.c in Sources */ = {isa = PBXBuildFile; fileRef = AB6C2C3D1A7893D3001CADB5 /* v_video.c */; };
		AB6C2C721A7893D3001CADB5 /* w_file_posix.c in Sources */ = {isa = PBXBuildFile; fileRef = AB6C2C401A7893D3001CADB5 /* w_file_posix.c */; };
		AB6C2C731A7893D3001CADB5 /* w_file_stdc.c in Sources */ = {isa = PBXBuildFile; fileRef = AB6C2C411A7893D3001CADB5 /* w_file_stdc.c */; };
		AB6C2C741A7893D3001CADB5 /* w_file_win32.c in Sources */ = {isa = PBXBuildFile; fileRef = AB6C2C421A7893D3001CADB5 /* w_file_win32.c */; };
		AB6C2C751A7893D3001CADB5 /* w_file.c in Sources */ = {isa = PBXBuildFile; fileRef = AB6C2C431A7893D3001CADB5 /* w_file.c */; };
		AB6C2C761A7893D3001CADB5 /* w_merge.c in Sources */ = {isa = PBXBuildFile; fileRef = AB6C2C451A7893D3001CADB5 /* w_merge.c */; };
		AB6C2C771A7893D3001CADB5 /* w_wad.c in Sources */ = {isa = PBXBuildFile; fileRef = AB6C2C471A7893D3001CADB5 /* w_wad.c */; };
		AB6C2C781A7893D3001CADB5 /* wi_stuff.c in Sources */ = {isa = PBXBuildFile; fileRef = AB6C2C491A7893D3001CADB5 /* wi_stuff.c */; };
		AB6C2C791A7893D3001CADB5 /* z_zone.c in Sources */ = {isa = PBXBuildFile; fileRef = AB6C2C4B1A7893D3001CADB5 /* z_zone.c */; };
		AB86A9831A7B3937002FADD1 /* CoreFoundation.framework in Frameworks */ = {isa = PBXBuildFile; fileRef = AB86A9821A7B3937002FADD1 /* CoreFoundation.framework */; };
		AB91803E1A808BB900B9E585 /* Cocoa.framework in Frameworks */ = {isa = PBXBuildFile; fileRef = AB91803D1A808BB900B9E585 /* Cocoa.framework */; };
/* End PBXBuildFile section */

/* Begin PBXCopyFilesBuildPhase section */
		AB6C2B8D1A788E18001CADB5 /* CopyFiles */ = {
			isa = PBXCopyFilesBuildPhase;
			buildActionMask = 2147483647;
			dstPath = /usr/share/man/man1/;
			dstSubfolderSpec = 0;
			files = (
			);
			runOnlyForDeploymentPostprocessing = 1;
		};
/* End PBXCopyFilesBuildPhase section */

/* Begin PBXFileReference section */
		AB2AC29F1A7F224100A1DEB3 /* libSDL2.a */ = {isa = PBXFileReference; lastKnownFileType = archive.ar; name = libSDL2.a; path = ../../../../usr/local/Cellar/sdl2/2.0.3/lib/libSDL2.a; sourceTree = "<group>"; };
		AB2AC2A21A7F226D00A1DEB3 /* libSDL_mixer.a */ = {isa = PBXFileReference; lastKnownFileType = archive.ar; name = libSDL_mixer.a; path = ../../../../usr/local/Cellar/sdl_mixer/1.2.12/lib/libSDL_mixer.a; sourceTree = "<group>"; };
		AB558ECB1A8B0C31005AA830 /* c_console.h */ = {isa = PBXFileReference; fileEncoding = 4; lastKnownFileType = sourcecode.c.h; name = c_console.h; path = ../src/c_console.h; sourceTree = SOURCE_ROOT; };
		AB558ECC1A8B0C4C005AA830 /* c_cmds.c */ = {isa = PBXFileReference; explicitFileType = sourcecode.c.objc; fileEncoding = 4; name = c_cmds.c; path = ../src/c_cmds.c; sourceTree = SOURCE_ROOT; };
		AB558ECD1A8B0C4C005AA830 /* c_cmds.h */ = {isa = PBXFileReference; fileEncoding = 4; lastKnownFileType = sourcecode.c.h; name = c_cmds.h; path = ../src/c_cmds.h; sourceTree = SOURCE_ROOT; };
		AB558ECE1A8B0C4C005AA830 /* c_console.c */ = {isa = PBXFileReference; explicitFileType = sourcecode.c.objc; fileEncoding = 4; name = c_console.c; path = ../src/c_console.c; sourceTree = SOURCE_ROOT; };
		AB6C2B8F1A788E18001CADB5 /* doomretro_x86_64 */ = {isa = PBXFileReference; explicitFileType = "compiled.mach-o.executable"; includeInIndex = 0; path = doomretro_x86_64; sourceTree = BUILT_PRODUCTS_DIR; };
		AB6C2B991A78939E001CADB5 /* am_map.c */ = {isa = PBXFileReference; explicitFileType = sourcecode.c.objc; fileEncoding = 4; name = am_map.c; path = ../src/am_map.c; sourceTree = SOURCE_ROOT; };
		AB6C2B9A1A78939E001CADB5 /* am_map.h */ = {isa = PBXFileReference; fileEncoding = 4; lastKnownFileType = sourcecode.c.h; name = am_map.h; path = ../src/am_map.h; sourceTree = SOURCE_ROOT; };
		AB6C2B9B1A78939E001CADB5 /* d_deh.c */ = {isa = PBXFileReference; explicitFileType = sourcecode.c.objc; fileEncoding = 4; name = d_deh.c; path = ../src/d_deh.c; sourceTree = SOURCE_ROOT; };
		AB6C2B9C1A78939E001CADB5 /* d_deh.h */ = {isa = PBXFileReference; fileEncoding = 4; lastKnownFileType = sourcecode.c.h; name = d_deh.h; path = ../src/d_deh.h; sourceTree = SOURCE_ROOT; };
		AB6C2B9D1A78939E001CADB5 /* d_englsh.h */ = {isa = PBXFileReference; fileEncoding = 4; lastKnownFileType = sourcecode.c.h; name = d_englsh.h; path = ../src/d_englsh.h; sourceTree = SOURCE_ROOT; };
		AB6C2B9E1A78939E001CADB5 /* d_event.h */ = {isa = PBXFileReference; fileEncoding = 4; lastKnownFileType = sourcecode.c.h; name = d_event.h; path = ../src/d_event.h; sourceTree = SOURCE_ROOT; };
		AB6C2B9F1A78939E001CADB5 /* d_items.c */ = {isa = PBXFileReference; explicitFileType = sourcecode.c.objc; fileEncoding = 4; name = d_items.c; path = ../src/d_items.c; sourceTree = SOURCE_ROOT; };
		AB6C2BA01A78939E001CADB5 /* d_items.h */ = {isa = PBXFileReference; fileEncoding = 4; lastKnownFileType = sourcecode.c.h; name = d_items.h; path = ../src/d_items.h; sourceTree = SOURCE_ROOT; };
		AB6C2BA11A78939E001CADB5 /* d_iwad.c */ = {isa = PBXFileReference; explicitFileType = sourcecode.c.objc; fileEncoding = 4; name = d_iwad.c; path = ../src/d_iwad.c; sourceTree = SOURCE_ROOT; };
		AB6C2BA21A78939E001CADB5 /* d_iwad.h */ = {isa = PBXFileReference; fileEncoding = 4; lastKnownFileType = sourcecode.c.h; name = d_iwad.h; path = ../src/d_iwad.h; sourceTree = SOURCE_ROOT; };
		AB6C2BA31A78939E001CADB5 /* d_main.c */ = {isa = PBXFileReference; explicitFileType = sourcecode.c.objc; fileEncoding = 4; name = d_main.c; path = ../src/d_main.c; sourceTree = SOURCE_ROOT; };
		AB6C2BA41A78939E001CADB5 /* d_main.h */ = {isa = PBXFileReference; fileEncoding = 4; lastKnownFileType = sourcecode.c.h; name = d_main.h; path = ../src/d_main.h; sourceTree = SOURCE_ROOT; };
		AB6C2BA51A78939E001CADB5 /* d_net.c */ = {isa = PBXFileReference; explicitFileType = sourcecode.c.objc; fileEncoding = 4; name = d_net.c; path = ../src/d_net.c; sourceTree = SOURCE_ROOT; };
		AB6C2BA61A78939E001CADB5 /* d_net.h */ = {isa = PBXFileReference; fileEncoding = 4; lastKnownFileType = sourcecode.c.h; name = d_net.h; path = ../src/d_net.h; sourceTree = SOURCE_ROOT; };
		AB6C2BA71A78939E001CADB5 /* d_player.h */ = {isa = PBXFileReference; fileEncoding = 4; lastKnownFileType = sourcecode.c.h; name = d_player.h; path = ../src/d_player.h; sourceTree = SOURCE_ROOT; };
		AB6C2BA81A78939E001CADB5 /* d_think.h */ = {isa = PBXFileReference; fileEncoding = 4; lastKnownFileType = sourcecode.c.h; name = d_think.h; path = ../src/d_think.h; sourceTree = SOURCE_ROOT; };
		AB6C2BA91A78939E001CADB5 /* d_ticcmd.h */ = {isa = PBXFileReference; fileEncoding = 4; lastKnownFileType = sourcecode.c.h; name = d_ticcmd.h; path = ../src/d_ticcmd.h; sourceTree = SOURCE_ROOT; };
		AB6C2BAA1A78939E001CADB5 /* doomdata.h */ = {isa = PBXFileReference; fileEncoding = 4; lastKnownFileType = sourcecode.c.h; name = doomdata.h; path = ../src/doomdata.h; sourceTree = SOURCE_ROOT; };
		AB6C2BAB1A78939E001CADB5 /* doomdef.h */ = {isa = PBXFileReference; fileEncoding = 4; lastKnownFileType = sourcecode.c.h; name = doomdef.h; path = ../src/doomdef.h; sourceTree = SOURCE_ROOT; };
		AB6C2BAC1A78939E001CADB5 /* doomkeys.h */ = {isa = PBXFileReference; fileEncoding = 4; lastKnownFileType = sourcecode.c.h; name = doomkeys.h; path = ../src/doomkeys.h; sourceTree = SOURCE_ROOT; };
		AB6C2BAD1A78939E001CADB5 /* doomstat.c */ = {isa = PBXFileReference; explicitFileType = sourcecode.c.objc; fileEncoding = 4; name = doomstat.c; path = ../src/doomstat.c; sourceTree = SOURCE_ROOT; };
		AB6C2BAE1A78939E001CADB5 /* doomstat.h */ = {isa = PBXFileReference; fileEncoding = 4; lastKnownFileType = sourcecode.c.h; name = doomstat.h; path = ../src/doomstat.h; sourceTree = SOURCE_ROOT; };
		AB6C2BAF1A78939E001CADB5 /* doomtype.h */ = {isa = PBXFileReference; fileEncoding = 4; lastKnownFileType = sourcecode.c.h; name = doomtype.h; path = ../src/doomtype.h; sourceTree = SOURCE_ROOT; };
		AB6C2BB01A78939E001CADB5 /* dstrings.c */ = {isa = PBXFileReference; explicitFileType = sourcecode.c.objc; fileEncoding = 4; name = dstrings.c; path = ../src/dstrings.c; sourceTree = SOURCE_ROOT; };
		AB6C2BB11A78939E001CADB5 /* dstrings.h */ = {isa = PBXFileReference; fileEncoding = 4; lastKnownFileType = sourcecode.c.h; name = dstrings.h; path = ../src/dstrings.h; sourceTree = SOURCE_ROOT; };
		AB6C2BB21A78939E001CADB5 /* f_finale.c */ = {isa = PBXFileReference; explicitFileType = sourcecode.c.objc; fileEncoding = 4; name = f_finale.c; path = ../src/f_finale.c; sourceTree = SOURCE_ROOT; };
		AB6C2BB31A78939E001CADB5 /* f_finale.h */ = {isa = PBXFileReference; fileEncoding = 4; lastKnownFileType = sourcecode.c.h; name = f_finale.h; path = ../src/f_finale.h; sourceTree = SOURCE_ROOT; };
		AB6C2BB41A78939E001CADB5 /* f_wipe.c */ = {isa = PBXFileReference; explicitFileType = sourcecode.c.objc; fileEncoding = 4; name = f_wipe.c; path = ../src/f_wipe.c; sourceTree = SOURCE_ROOT; };
		AB6C2BB51A78939E001CADB5 /* f_wipe.h */ = {isa = PBXFileReference; fileEncoding = 4; lastKnownFileType = sourcecode.c.h; name = f_wipe.h; path = ../src/f_wipe.h; sourceTree = SOURCE_ROOT; };
		AB6C2BB61A78939E001CADB5 /* g_game.c */ = {isa = PBXFileReference; explicitFileType = sourcecode.c.objc; fileEncoding = 4; name = g_game.c; path = ../src/g_game.c; sourceTree = SOURCE_ROOT; };
		AB6C2BB71A78939E001CADB5 /* g_game.h */ = {isa = PBXFileReference; fileEncoding = 4; lastKnownFileType = sourcecode.c.h; name = g_game.h; path = ../src/g_game.h; sourceTree = SOURCE_ROOT; };
		AB6C2BB81A78939E001CADB5 /* hu_lib.c */ = {isa = PBXFileReference; explicitFileType = sourcecode.c.objc; fileEncoding = 4; name = hu_lib.c; path = ../src/hu_lib.c; sourceTree = SOURCE_ROOT; };
		AB6C2BB91A78939E001CADB5 /* hu_lib.h */ = {isa = PBXFileReference; fileEncoding = 4; lastKnownFileType = sourcecode.c.h; name = hu_lib.h; path = ../src/hu_lib.h; sourceTree = SOURCE_ROOT; };
		AB6C2BBA1A78939E001CADB5 /* hu_stuff.c */ = {isa = PBXFileReference; explicitFileType = sourcecode.c.objc; fileEncoding = 4; name = hu_stuff.c; path = ../src/hu_stuff.c; sourceTree = SOURCE_ROOT; };
		AB6C2BBB1A78939E001CADB5 /* hu_stuff.h */ = {isa = PBXFileReference; fileEncoding = 4; lastKnownFileType = sourcecode.c.h; name = hu_stuff.h; path = ../src/hu_stuff.h; sourceTree = SOURCE_ROOT; };
		AB6C2BBC1A78939E001CADB5 /* i_gamepad.c */ = {isa = PBXFileReference; explicitFileType = sourcecode.c.objc; fileEncoding = 4; name = i_gamepad.c; path = ../src/i_gamepad.c; sourceTree = SOURCE_ROOT; };
		AB6C2BBD1A78939E001CADB5 /* i_gamepad.h */ = {isa = PBXFileReference; fileEncoding = 4; lastKnownFileType = sourcecode.c.h; name = i_gamepad.h; path = ../src/i_gamepad.h; sourceTree = SOURCE_ROOT; };
		AB6C2BBE1A78939E001CADB5 /* i_main.c */ = {isa = PBXFileReference; explicitFileType = sourcecode.c.objc; fileEncoding = 4; name = i_main.c; path = ../src/i_main.c; sourceTree = SOURCE_ROOT; };
		AB6C2BBF1A78939E001CADB5 /* i_sdlmusic.c */ = {isa = PBXFileReference; explicitFileType = sourcecode.c.objc; fileEncoding = 4; name = i_sdlmusic.c; path = ../src/i_sdlmusic.c; sourceTree = SOURCE_ROOT; };
		AB6C2BC01A78939E001CADB5 /* i_sdlsound.c */ = {isa = PBXFileReference; explicitFileType = sourcecode.c.objc; fileEncoding = 4; name = i_sdlsound.c; path = ../src/i_sdlsound.c; sourceTree = SOURCE_ROOT; };
		AB6C2BC11A78939E001CADB5 /* i_swap.h */ = {isa = PBXFileReference; fileEncoding = 4; lastKnownFileType = sourcecode.c.h; name = i_swap.h; path = ../src/i_swap.h; sourceTree = SOURCE_ROOT; };
		AB6C2BC21A78939E001CADB5 /* i_system.c */ = {isa = PBXFileReference; explicitFileType = sourcecode.c.objc; fileEncoding = 4; name = i_system.c; path = ../src/i_system.c; sourceTree = SOURCE_ROOT; };
		AB6C2BC31A78939E001CADB5 /* i_system.h */ = {isa = PBXFileReference; fileEncoding = 4; lastKnownFileType = sourcecode.c.h; name = i_system.h; path = ../src/i_system.h; sourceTree = SOURCE_ROOT; };
		AB6C2BC41A78939E001CADB5 /* i_timer.c */ = {isa = PBXFileReference; explicitFileType = sourcecode.c.objc; fileEncoding = 4; name = i_timer.c; path = ../src/i_timer.c; sourceTree = SOURCE_ROOT; };
		AB6C2BC61A78939E001CADB5 /* i_tinttab.c */ = {isa = PBXFileReference; explicitFileType = sourcecode.c.objc; fileEncoding = 4; name = i_tinttab.c; path = ../src/i_tinttab.c; sourceTree = SOURCE_ROOT; };
		AB6C2BC71A78939E001CADB5 /* i_tinttab.h */ = {isa = PBXFileReference; fileEncoding = 4; lastKnownFileType = sourcecode.c.h; name = i_tinttab.h; path = ../src/i_tinttab.h; sourceTree = SOURCE_ROOT; };
		AB6C2BC81A78939E001CADB5 /* i_video.c */ = {isa = PBXFileReference; explicitFileType = sourcecode.c.objc; fileEncoding = 4; name = i_video.c; path = ../src/i_video.c; sourceTree = SOURCE_ROOT; };
		AB6C2BC91A78939E001CADB5 /* i_video.h */ = {isa = PBXFileReference; fileEncoding = 4; lastKnownFileType = sourcecode.c.h; name = i_video.h; path = ../src/i_video.h; sourceTree = SOURCE_ROOT; };
		AB6C2BCA1A78939E001CADB5 /* info.c */ = {isa = PBXFileReference; explicitFileType = sourcecode.c.objc; fileEncoding = 4; name = info.c; path = ../src/info.c; sourceTree = SOURCE_ROOT; };
		AB6C2BCB1A78939E001CADB5 /* info.h */ = {isa = PBXFileReference; fileEncoding = 4; lastKnownFileType = sourcecode.c.h; name = info.h; path = ../src/info.h; sourceTree = SOURCE_ROOT; };
		AB6C2BCC1A78939E001CADB5 /* inttypes.h */ = {isa = PBXFileReference; fileEncoding = 4; lastKnownFileType = sourcecode.c.h; name = inttypes.h; path = ../src/inttypes.h; sourceTree = SOURCE_ROOT; };
		AB6C2BCD1A78939E001CADB5 /* m_argv.c */ = {isa = PBXFileReference; explicitFileType = sourcecode.c.objc; fileEncoding = 4; name = m_argv.c; path = ../src/m_argv.c; sourceTree = SOURCE_ROOT; };
		AB6C2BCE1A78939E001CADB5 /* m_argv.h */ = {isa = PBXFileReference; fileEncoding = 4; lastKnownFileType = sourcecode.c.h; name = m_argv.h; path = ../src/m_argv.h; sourceTree = SOURCE_ROOT; };
		AB6C2BCF1A78939E001CADB5 /* m_bbox.c */ = {isa = PBXFileReference; explicitFileType = sourcecode.c.objc; fileEncoding = 4; name = m_bbox.c; path = ../src/m_bbox.c; sourceTree = SOURCE_ROOT; };
		AB6C2BD01A78939E001CADB5 /* m_bbox.h */ = {isa = PBXFileReference; fileEncoding = 4; lastKnownFileType = sourcecode.c.h; name = m_bbox.h; path = ../src/m_bbox.h; sourceTree = SOURCE_ROOT; };
		AB6C2BD11A78939E001CADB5 /* m_cheat.c */ = {isa = PBXFileReference; explicitFileType = sourcecode.c.objc; fileEncoding = 4; name = m_cheat.c; path = ../src/m_cheat.c; sourceTree = SOURCE_ROOT; };
		AB6C2BD21A78939E001CADB5 /* m_cheat.h */ = {isa = PBXFileReference; fileEncoding = 4; lastKnownFileType = sourcecode.c.h; name = m_cheat.h; path = ../src/m_cheat.h; sourceTree = SOURCE_ROOT; };
		AB6C2BD31A78939E001CADB5 /* m_config.c */ = {isa = PBXFileReference; explicitFileType = sourcecode.c.objc; fileEncoding = 4; name = m_config.c; path = ../src/m_config.c; sourceTree = SOURCE_ROOT; };
		AB6C2BD41A78939E001CADB5 /* m_config.h */ = {isa = PBXFileReference; fileEncoding = 4; lastKnownFileType = sourcecode.c.h; name = m_config.h; path = ../src/m_config.h; sourceTree = SOURCE_ROOT; };
		AB6C2BD51A78939E001CADB5 /* m_fixed.c */ = {isa = PBXFileReference; explicitFileType = sourcecode.c.objc; fileEncoding = 4; name = m_fixed.c; path = ../src/m_fixed.c; sourceTree = SOURCE_ROOT; };
		AB6C2BD61A78939E001CADB5 /* m_fixed.h */ = {isa = PBXFileReference; fileEncoding = 4; lastKnownFileType = sourcecode.c.h; name = m_fixed.h; path = ../src/m_fixed.h; sourceTree = SOURCE_ROOT; };
		AB6C2BD71A78939E001CADB5 /* m_menu.c */ = {isa = PBXFileReference; explicitFileType = sourcecode.c.objc; fileEncoding = 4; name = m_menu.c; path = ../src/m_menu.c; sourceTree = SOURCE_ROOT; };
		AB6C2BD81A78939E001CADB5 /* m_menu.h */ = {isa = PBXFileReference; fileEncoding = 4; lastKnownFileType = sourcecode.c.h; name = m_menu.h; path = ../src/m_menu.h; sourceTree = SOURCE_ROOT; };
		AB6C2BD91A78939E001CADB5 /* m_misc.c */ = {isa = PBXFileReference; explicitFileType = sourcecode.c.objc; fileEncoding = 4; name = m_misc.c; path = ../src/m_misc.c; sourceTree = SOURCE_ROOT; };
		AB6C2BDA1A78939E001CADB5 /* m_misc.h */ = {isa = PBXFileReference; fileEncoding = 4; lastKnownFileType = sourcecode.c.h; name = m_misc.h; path = ../src/m_misc.h; sourceTree = SOURCE_ROOT; };
		AB6C2BDB1A78939E001CADB5 /* m_random.c */ = {isa = PBXFileReference; explicitFileType = sourcecode.c.objc; fileEncoding = 4; name = m_random.c; path = ../src/m_random.c; sourceTree = SOURCE_ROOT; };
		AB6C2BDC1A78939E001CADB5 /* m_random.h */ = {isa = PBXFileReference; fileEncoding = 4; lastKnownFileType = sourcecode.c.h; name = m_random.h; path = ../src/m_random.h; sourceTree = SOURCE_ROOT; };
		AB6C2BFB1A7893D3001CADB5 /* memio.c */ = {isa = PBXFileReference; explicitFileType = sourcecode.c.objc; fileEncoding = 4; name = memio.c; path = ../src/memio.c; sourceTree = SOURCE_ROOT; };
		AB6C2BFC1A7893D3001CADB5 /* memio.h */ = {isa = PBXFileReference; fileEncoding = 4; lastKnownFileType = sourcecode.c.h; name = memio.h; path = ../src/memio.h; sourceTree = SOURCE_ROOT; };
		AB6C2BFD1A7893D3001CADB5 /* midifile.c */ = {isa = PBXFileReference; explicitFileType = sourcecode.c.objc; fileEncoding = 4; name = midifile.c; path = ../src/midifile.c; sourceTree = SOURCE_ROOT; };
		AB6C2BFE1A7893D3001CADB5 /* midifile.h */ = {isa = PBXFileReference; fileEncoding = 4; lastKnownFileType = sourcecode.c.h; name = midifile.h; path = ../src/midifile.h; sourceTree = SOURCE_ROOT; };
		AB6C2BFF1A7893D3001CADB5 /* mus2mid.c */ = {isa = PBXFileReference; explicitFileType = sourcecode.c.objc; fileEncoding = 4; name = mus2mid.c; path = ../src/mus2mid.c; sourceTree = SOURCE_ROOT; };
		AB6C2C001A7893D3001CADB5 /* mus2mid.h */ = {isa = PBXFileReference; fileEncoding = 4; lastKnownFileType = sourcecode.c.h; name = mus2mid.h; path = ../src/mus2mid.h; sourceTree = SOURCE_ROOT; };
		AB6C2C011A7893D3001CADB5 /* p_ceilng.c */ = {isa = PBXFileReference; explicitFileType = sourcecode.c.objc; fileEncoding = 4; name = p_ceilng.c; path = ../src/p_ceilng.c; sourceTree = SOURCE_ROOT; };
		AB6C2C021A7893D3001CADB5 /* p_doors.c */ = {isa = PBXFileReference; explicitFileType = sourcecode.c.objc; fileEncoding = 4; name = p_doors.c; path = ../src/p_doors.c; sourceTree = SOURCE_ROOT; };
		AB6C2C031A7893D3001CADB5 /* p_enemy.c */ = {isa = PBXFileReference; explicitFileType = sourcecode.c.objc; fileEncoding = 4; name = p_enemy.c; path = ../src/p_enemy.c; sourceTree = SOURCE_ROOT; };
		AB6C2C041A7893D3001CADB5 /* p_fix.c */ = {isa = PBXFileReference; explicitFileType = sourcecode.c.objc; fileEncoding = 4; name = p_fix.c; path = ../src/p_fix.c; sourceTree = SOURCE_ROOT; };
		AB6C2C051A7893D3001CADB5 /* p_fix.h */ = {isa = PBXFileReference; fileEncoding = 4; lastKnownFileType = sourcecode.c.h; name = p_fix.h; path = ../src/p_fix.h; sourceTree = SOURCE_ROOT; };
		AB6C2C061A7893D3001CADB5 /* p_floor.c */ = {isa = PBXFileReference; explicitFileType = sourcecode.c.objc; fileEncoding = 4; name = p_floor.c; path = ../src/p_floor.c; sourceTree = SOURCE_ROOT; };
		AB6C2C071A7893D3001CADB5 /* p_inter.c */ = {isa = PBXFileReference; explicitFileType = sourcecode.c.objc; fileEncoding = 4; name = p_inter.c; path = ../src/p_inter.c; sourceTree = SOURCE_ROOT; };
		AB6C2C081A7893D3001CADB5 /* p_inter.h */ = {isa = PBXFileReference; fileEncoding = 4; lastKnownFileType = sourcecode.c.h; name = p_inter.h; path = ../src/p_inter.h; sourceTree = SOURCE_ROOT; };
		AB6C2C091A7893D3001CADB5 /* p_lights.c */ = {isa = PBXFileReference; explicitFileType = sourcecode.c.objc; fileEncoding = 4; name = p_lights.c; path = ../src/p_lights.c; sourceTree = SOURCE_ROOT; };
		AB6C2C0A1A7893D3001CADB5 /* p_local.h */ = {isa = PBXFileReference; fileEncoding = 4; lastKnownFileType = sourcecode.c.h; name = p_local.h; path = ../src/p_local.h; sourceTree = SOURCE_ROOT; };
		AB6C2C0B1A7893D3001CADB5 /* p_map.c */ = {isa = PBXFileReference; explicitFileType = sourcecode.c.objc; fileEncoding = 4; name = p_map.c; path = ../src/p_map.c; sourceTree = SOURCE_ROOT; };
		AB6C2C0C1A7893D3001CADB5 /* p_maputl.c */ = {isa = PBXFileReference; explicitFileType = sourcecode.c.objc; fileEncoding = 4; name = p_maputl.c; path = ../src/p_maputl.c; sourceTree = SOURCE_ROOT; };
		AB6C2C0D1A7893D3001CADB5 /* p_mobj.c */ = {isa = PBXFileReference; explicitFileType = sourcecode.c.objc; fileEncoding = 4; name = p_mobj.c; path = ../src/p_mobj.c; sourceTree = SOURCE_ROOT; };
		AB6C2C0E1A7893D3001CADB5 /* p_mobj.h */ = {isa = PBXFileReference; fileEncoding = 4; lastKnownFileType = sourcecode.c.h; name = p_mobj.h; path = ../src/p_mobj.h; sourceTree = SOURCE_ROOT; };
		AB6C2C0F1A7893D3001CADB5 /* p_plats.c */ = {isa = PBXFileReference; explicitFileType = sourcecode.c.objc; fileEncoding = 4; name = p_plats.c; path = ../src/p_plats.c; sourceTree = SOURCE_ROOT; };
		AB6C2C101A7893D3001CADB5 /* p_pspr.c */ = {isa = PBXFileReference; explicitFileType = sourcecode.c.objc; fileEncoding = 4; name = p_pspr.c; path = ../src/p_pspr.c; sourceTree = SOURCE_ROOT; };
		AB6C2C111A7893D3001CADB5 /* p_pspr.h */ = {isa = PBXFileReference; fileEncoding = 4; lastKnownFileType = sourcecode.c.h; name = p_pspr.h; path = ../src/p_pspr.h; sourceTree = SOURCE_ROOT; };
		AB6C2C121A7893D3001CADB5 /* p_saveg.c */ = {isa = PBXFileReference; explicitFileType = sourcecode.c.objc; fileEncoding = 4; name = p_saveg.c; path = ../src/p_saveg.c; sourceTree = SOURCE_ROOT; };
		AB6C2C131A7893D3001CADB5 /* p_saveg.h */ = {isa = PBXFileReference; fileEncoding = 4; lastKnownFileType = sourcecode.c.h; name = p_saveg.h; path = ../src/p_saveg.h; sourceTree = SOURCE_ROOT; };
		AB6C2C141A7893D3001CADB5 /* p_setup.c */ = {isa = PBXFileReference; explicitFileType = sourcecode.c.objc; fileEncoding = 4; name = p_setup.c; path = ../src/p_setup.c; sourceTree = SOURCE_ROOT; };
		AB6C2C151A7893D3001CADB5 /* p_setup.h */ = {isa = PBXFileReference; fileEncoding = 4; lastKnownFileType = sourcecode.c.h; name = p_setup.h; path = ../src/p_setup.h; sourceTree = SOURCE_ROOT; };
		AB6C2C161A7893D3001CADB5 /* p_sight.c */ = {isa = PBXFileReference; explicitFileType = sourcecode.c.objc; fileEncoding = 4; name = p_sight.c; path = ../src/p_sight.c; sourceTree = SOURCE_ROOT; };
		AB6C2C171A7893D3001CADB5 /* p_spec.c */ = {isa = PBXFileReference; explicitFileType = sourcecode.c.objc; fileEncoding = 4; name = p_spec.c; path = ../src/p_spec.c; sourceTree = SOURCE_ROOT; };
		AB6C2C181A7893D3001CADB5 /* p_spec.h */ = {isa = PBXFileReference; fileEncoding = 4; lastKnownFileType = sourcecode.c.h; name = p_spec.h; path = ../src/p_spec.h; sourceTree = SOURCE_ROOT; };
		AB6C2C191A7893D3001CADB5 /* p_switch.c */ = {isa = PBXFileReference; explicitFileType = sourcecode.c.objc; fileEncoding = 4; name = p_switch.c; path = ../src/p_switch.c; sourceTree = SOURCE_ROOT; };
		AB6C2C1A1A7893D3001CADB5 /* p_telept.c */ = {isa = PBXFileReference; explicitFileType = sourcecode.c.objc; fileEncoding = 4; name = p_telept.c; path = ../src/p_telept.c; sourceTree = SOURCE_ROOT; };
		AB6C2C1B1A7893D3001CADB5 /* p_tick.c */ = {isa = PBXFileReference; explicitFileType = sourcecode.c.objc; fileEncoding = 4; name = p_tick.c; path = ../src/p_tick.c; sourceTree = SOURCE_ROOT; };
		AB6C2C1C1A7893D3001CADB5 /* p_tick.h */ = {isa = PBXFileReference; fileEncoding = 4; lastKnownFileType = sourcecode.c.h; name = p_tick.h; path = ../src/p_tick.h; sourceTree = SOURCE_ROOT; };
		AB6C2C1D1A7893D3001CADB5 /* p_user.c */ = {isa = PBXFileReference; explicitFileType = sourcecode.c.objc; fileEncoding = 4; name = p_user.c; path = ../src/p_user.c; sourceTree = SOURCE_ROOT; };
		AB6C2C1E1A7893D3001CADB5 /* r_bsp.c */ = {isa = PBXFileReference; explicitFileType = sourcecode.c.objc; fileEncoding = 4; name = r_bsp.c; path = ../src/r_bsp.c; sourceTree = SOURCE_ROOT; };
		AB6C2C1F1A7893D3001CADB5 /* r_bsp.h */ = {isa = PBXFileReference; fileEncoding = 4; lastKnownFileType = sourcecode.c.h; name = r_bsp.h; path = ../src/r_bsp.h; sourceTree = SOURCE_ROOT; };
		AB6C2C201A7893D3001CADB5 /* r_data.c */ = {isa = PBXFileReference; explicitFileType = sourcecode.c.objc; fileEncoding = 4; name = r_data.c; path = ../src/r_data.c; sourceTree = SOURCE_ROOT; };
		AB6C2C211A7893D3001CADB5 /* r_data.h */ = {isa = PBXFileReference; fileEncoding = 4; lastKnownFileType = sourcecode.c.h; name = r_data.h; path = ../src/r_data.h; sourceTree = SOURCE_ROOT; };
		AB6C2C221A7893D3001CADB5 /* r_defs.h */ = {isa = PBXFileReference; fileEncoding = 4; lastKnownFileType = sourcecode.c.h; name = r_defs.h; path = ../src/r_defs.h; sourceTree = SOURCE_ROOT; };
		AB6C2C231A7893D3001CADB5 /* r_draw.c */ = {isa = PBXFileReference; explicitFileType = sourcecode.c.objc; fileEncoding = 4; name = r_draw.c; path = ../src/r_draw.c; sourceTree = SOURCE_ROOT; };
		AB6C2C241A7893D3001CADB5 /* r_draw.h */ = {isa = PBXFileReference; fileEncoding = 4; lastKnownFileType = sourcecode.c.h; name = r_draw.h; path = ../src/r_draw.h; sourceTree = SOURCE_ROOT; };
		AB6C2C251A7893D3001CADB5 /* r_local.h */ = {isa = PBXFileReference; fileEncoding = 4; lastKnownFileType = sourcecode.c.h; name = r_local.h; path = ../src/r_local.h; sourceTree = SOURCE_ROOT; };
		AB6C2C261A7893D3001CADB5 /* r_main.c */ = {isa = PBXFileReference; explicitFileType = sourcecode.c.objc; fileEncoding = 4; name = r_main.c; path = ../src/r_main.c; sourceTree = SOURCE_ROOT; };
		AB6C2C271A7893D3001CADB5 /* r_main.h */ = {isa = PBXFileReference; fileEncoding = 4; lastKnownFileType = sourcecode.c.h; name = r_main.h; path = ../src/r_main.h; sourceTree = SOURCE_ROOT; };
		AB6C2C281A7893D3001CADB5 /* r_plane.c */ = {isa = PBXFileReference; explicitFileType = sourcecode.c.objc; fileEncoding = 4; name = r_plane.c; path = ../src/r_plane.c; sourceTree = SOURCE_ROOT; };
		AB6C2C291A7893D3001CADB5 /* r_plane.h */ = {isa = PBXFileReference; fileEncoding = 4; lastKnownFileType = sourcecode.c.h; name = r_plane.h; path = ../src/r_plane.h; sourceTree = SOURCE_ROOT; };
		AB6C2C2A1A7893D3001CADB5 /* r_segs.c */ = {isa = PBXFileReference; explicitFileType = sourcecode.c.objc; fileEncoding = 4; name = r_segs.c; path = ../src/r_segs.c; sourceTree = SOURCE_ROOT; };
		AB6C2C2B1A7893D3001CADB5 /* r_segs.h */ = {isa = PBXFileReference; fileEncoding = 4; lastKnownFileType = sourcecode.c.h; name = r_segs.h; path = ../src/r_segs.h; sourceTree = SOURCE_ROOT; };
		AB6C2C2C1A7893D3001CADB5 /* r_sky.c */ = {isa = PBXFileReference; explicitFileType = sourcecode.c.objc; fileEncoding = 4; name = r_sky.c; path = ../src/r_sky.c; sourceTree = SOURCE_ROOT; };
		AB6C2C2D1A7893D3001CADB5 /* r_sky.h */ = {isa = PBXFileReference; fileEncoding = 4; lastKnownFileType = sourcecode.c.h; name = r_sky.h; path = ../src/r_sky.h; sourceTree = SOURCE_ROOT; };
		AB6C2C2E1A7893D3001CADB5 /* r_state.h */ = {isa = PBXFileReference; fileEncoding = 4; lastKnownFileType = sourcecode.c.h; name = r_state.h; path = ../src/r_state.h; sourceTree = SOURCE_ROOT; };
		AB6C2C2F1A7893D3001CADB5 /* r_things.c */ = {isa = PBXFileReference; explicitFileType = sourcecode.c.objc; fileEncoding = 4; name = r_things.c; path = ../src/r_things.c; sourceTree = SOURCE_ROOT; };
		AB6C2C301A7893D3001CADB5 /* r_things.h */ = {isa = PBXFileReference; fileEncoding = 4; lastKnownFileType = sourcecode.c.h; name = r_things.h; path = ../src/r_things.h; sourceTree = SOURCE_ROOT; };
		AB6C2C311A7893D3001CADB5 /* s_sound.c */ = {isa = PBXFileReference; explicitFileType = sourcecode.c.objc; fileEncoding = 4; name = s_sound.c; path = ../src/s_sound.c; sourceTree = SOURCE_ROOT; };
		AB6C2C321A7893D3001CADB5 /* s_sound.h */ = {isa = PBXFileReference; fileEncoding = 4; lastKnownFileType = sourcecode.c.h; name = s_sound.h; path = ../src/s_sound.h; sourceTree = SOURCE_ROOT; };
		AB6C2C331A7893D3001CADB5 /* sounds.c */ = {isa = PBXFileReference; explicitFileType = sourcecode.c.objc; fileEncoding = 4; name = sounds.c; path = ../src/sounds.c; sourceTree = SOURCE_ROOT; };
		AB6C2C341A7893D3001CADB5 /* sounds.h */ = {isa = PBXFileReference; fileEncoding = 4; lastKnownFileType = sourcecode.c.h; name = sounds.h; path = ../src/sounds.h; sourceTree = SOURCE_ROOT; };
		AB6C2C351A7893D3001CADB5 /* st_lib.c */ = {isa = PBXFileReference; explicitFileType = sourcecode.c.objc; fileEncoding = 4; name = st_lib.c; path = ../src/st_lib.c; sourceTree = SOURCE_ROOT; };
		AB6C2C361A7893D3001CADB5 /* st_lib.h */ = {isa = PBXFileReference; fileEncoding = 4; lastKnownFileType = sourcecode.c.h; name = st_lib.h; path = ../src/st_lib.h; sourceTree = SOURCE_ROOT; };
		AB6C2C371A7893D3001CADB5 /* st_stuff.c */ = {isa = PBXFileReference; explicitFileType = sourcecode.c.objc; fileEncoding = 4; name = st_stuff.c; path = ../src/st_stuff.c; sourceTree = SOURCE_ROOT; };
		AB6C2C381A7893D3001CADB5 /* st_stuff.h */ = {isa = PBXFileReference; fileEncoding = 4; lastKnownFileType = sourcecode.c.h; name = st_stuff.h; path = ../src/st_stuff.h; sourceTree = SOURCE_ROOT; };
		AB6C2C391A7893D3001CADB5 /* stdint.h */ = {isa = PBXFileReference; fileEncoding = 4; lastKnownFileType = sourcecode.c.h; name = stdint.h; path = ../src/stdint.h; sourceTree = SOURCE_ROOT; };
		AB6C2C3A1A7893D3001CADB5 /* tables.h */ = {isa = PBXFileReference; fileEncoding = 4; lastKnownFileType = sourcecode.c.h; name = tables.h; path = ../src/tables.h; sourceTree = SOURCE_ROOT; };
		AB6C2C3B1A7893D3001CADB5 /* v_data.c */ = {isa = PBXFileReference; explicitFileType = sourcecode.c.objc; fileEncoding = 4; name = v_data.c; path = ../src/v_data.c; sourceTree = SOURCE_ROOT; };
		AB6C2C3C1A7893D3001CADB5 /* v_data.h */ = {isa = PBXFileReference; fileEncoding = 4; lastKnownFileType = sourcecode.c.h; name = v_data.h; path = ../src/v_data.h; sourceTree = SOURCE_ROOT; };
		AB6C2C3D1A7893D3001CADB5 /* v_video.c */ = {isa = PBXFileReference; explicitFileType = sourcecode.c.objc; fileEncoding = 4; name = v_video.c; path = ../src/v_video.c; sourceTree = SOURCE_ROOT; };
		AB6C2C3E1A7893D3001CADB5 /* v_video.h */ = {isa = PBXFileReference; fileEncoding = 4; lastKnownFileType = sourcecode.c.h; name = v_video.h; path = ../src/v_video.h; sourceTree = SOURCE_ROOT; };
		AB6C2C3F1A7893D3001CADB5 /* version.h */ = {isa = PBXFileReference; fileEncoding = 4; lastKnownFileType = sourcecode.c.h; name = version.h; path = ../src/version.h; sourceTree = SOURCE_ROOT; };
		AB6C2C401A7893D3001CADB5 /* w_file_posix.c */ = {isa = PBXFileReference; explicitFileType = sourcecode.c.objc; fileEncoding = 4; name = w_file_posix.c; path = ../src/w_file_posix.c; sourceTree = SOURCE_ROOT; };
		AB6C2C411A7893D3001CADB5 /* w_file_stdc.c */ = {isa = PBXFileReference; explicitFileType = sourcecode.c.objc; fileEncoding = 4; name = w_file_stdc.c; path = ../src/w_file_stdc.c; sourceTree = SOURCE_ROOT; };
		AB6C2C421A7893D3001CADB5 /* w_file_win32.c */ = {isa = PBXFileReference; explicitFileType = sourcecode.c.objc; fileEncoding = 4; name = w_file_win32.c; path = ../src/w_file_win32.c; sourceTree = SOURCE_ROOT; };
		AB6C2C431A7893D3001CADB5 /* w_file.c */ = {isa = PBXFileReference; explicitFileType = sourcecode.c.objc; fileEncoding = 4; name = w_file.c; path = ../src/w_file.c; sourceTree = SOURCE_ROOT; };
		AB6C2C441A7893D3001CADB5 /* w_file.h */ = {isa = PBXFileReference; fileEncoding = 4; lastKnownFileType = sourcecode.c.h; name = w_file.h; path = ../src/w_file.h; sourceTree = SOURCE_ROOT; };
		AB6C2C451A7893D3001CADB5 /* w_merge.c */ = {isa = PBXFileReference; explicitFileType = sourcecode.c.objc; fileEncoding = 4; name = w_merge.c; path = ../src/w_merge.c; sourceTree = SOURCE_ROOT; };
		AB6C2C461A7893D3001CADB5 /* w_merge.h */ = {isa = PBXFileReference; fileEncoding = 4; lastKnownFileType = sourcecode.c.h; name = w_merge.h; path = ../src/w_merge.h; sourceTree = SOURCE_ROOT; };
		AB6C2C471A7893D3001CADB5 /* w_wad.c */ = {isa = PBXFileReference; explicitFileType = sourcecode.c.objc; fileEncoding = 4; name = w_wad.c; path = ../src/w_wad.c; sourceTree = SOURCE_ROOT; };
		AB6C2C481A7893D3001CADB5 /* w_wad.h */ = {isa = PBXFileReference; fileEncoding = 4; lastKnownFileType = sourcecode.c.h; name = w_wad.h; path = ../src/w_wad.h; sourceTree = SOURCE_ROOT; };
		AB6C2C491A7893D3001CADB5 /* wi_stuff.c */ = {isa = PBXFileReference; explicitFileType = sourcecode.c.objc; fileEncoding = 4; name = wi_stuff.c; path = ../src/wi_stuff.c; sourceTree = SOURCE_ROOT; };
		AB6C2C4A1A7893D3001CADB5 /* wi_stuff.h */ = {isa = PBXFileReference; fileEncoding = 4; lastKnownFileType = sourcecode.c.h; name = wi_stuff.h; path = ../src/wi_stuff.h; sourceTree = SOURCE_ROOT; };
		AB6C2C4B1A7893D3001CADB5 /* z_zone.c */ = {isa = PBXFileReference; explicitFileType = sourcecode.c.objc; fileEncoding = 4; name = z_zone.c; path = ../src/z_zone.c; sourceTree = SOURCE_ROOT; };
		AB6C2C4C1A7893D3001CADB5 /* z_zone.h */ = {isa = PBXFileReference; fileEncoding = 4; lastKnownFileType = sourcecode.c.h; name = z_zone.h; path = ../src/z_zone.h; sourceTree = SOURCE_ROOT; };
		AB86A9811A7B35A1002FADD1 /* i_timer.h */ = {isa = PBXFileReference; fileEncoding = 4; lastKnownFileType = sourcecode.c.h; name = i_timer.h; path = ../src/i_timer.h; sourceTree = SOURCE_ROOT; };
		AB86A9821A7B3937002FADD1 /* CoreFoundation.framework */ = {isa = PBXFileReference; lastKnownFileType = wrapper.framework; name = CoreFoundation.framework; path = System/Library/Frameworks/CoreFoundation.framework; sourceTree = SDKROOT; };
		AB91803D1A808BB900B9E585 /* Cocoa.framework */ = {isa = PBXFileReference; lastKnownFileType = wrapper.framework; name = Cocoa.framework; path = System/Library/Frameworks/Cocoa.framework; sourceTree = SDKROOT; };
/* End PBXFileReference section */

/* Begin PBXFrameworksBuildPhase section */
		AB6C2B8C1A788E18001CADB5 /* Frameworks */ = {
			isa = PBXFrameworksBuildPhase;
			buildActionMask = 2147483647;
			files = (
				AB91803E1A808BB900B9E585 /* Cocoa.framework in Frameworks */,
				AB2AC2A31A7F226D00A1DEB3 /* libSDL_mixer.a in Frameworks */,
				AB2AC2A11A7F225300A1DEB3 /* libSDL2.a in Frameworks */,
				AB86A9831A7B3937002FADD1 /* CoreFoundation.framework in Frameworks */,
			);
			runOnlyForDeploymentPostprocessing = 0;
		};
/* End PBXFrameworksBuildPhase section */

/* Begin PBXGroup section */
		AB6C2B861A788E18001CADB5 = {
			isa = PBXGroup;
			children = (
				AB91803D1A808BB900B9E585 /* Cocoa.framework */,
				AB2AC2A21A7F226D00A1DEB3 /* libSDL_mixer.a */,
				AB2AC29F1A7F224100A1DEB3 /* libSDL2.a */,
				AB86A9821A7B3937002FADD1 /* CoreFoundation.framework */,
				AB6C2B911A788E18001CADB5 /* doomretro */,
				AB6C2B901A788E18001CADB5 /* Products */,
			);
			sourceTree = "<group>";
		};
		AB6C2B901A788E18001CADB5 /* Products */ = {
			isa = PBXGroup;
			children = (
				AB6C2B8F1A788E18001CADB5 /* doomretro_x86_64 */,
			);
			name = Products;
			sourceTree = "<group>";
		};
		AB6C2B911A788E18001CADB5 /* doomretro */ = {
			isa = PBXGroup;
			children = (
				AB558ECC1A8B0C4C005AA830 /* c_cmds.c */,
				AB558ECD1A8B0C4C005AA830 /* c_cmds.h */,
				AB558ECE1A8B0C4C005AA830 /* c_console.c */,
				AB558ECB1A8B0C31005AA830 /* c_console.h */,
				AB6C2BFB1A7893D3001CADB5 /* memio.c */,
				AB6C2BFC1A7893D3001CADB5 /* memio.h */,
				AB6C2BFD1A7893D3001CADB5 /* midifile.c */,
				AB6C2BFE1A7893D3001CADB5 /* midifile.h */,
				AB6C2BFF1A7893D3001CADB5 /* mus2mid.c */,
				AB6C2C001A7893D3001CADB5 /* mus2mid.h */,
				AB6C2C011A7893D3001CADB5 /* p_ceilng.c */,
				AB6C2C021A7893D3001CADB5 /* p_doors.c */,
				AB6C2C031A7893D3001CADB5 /* p_enemy.c */,
				AB6C2C041A7893D3001CADB5 /* p_fix.c */,
				AB6C2C051A7893D3001CADB5 /* p_fix.h */,
				AB6C2C061A7893D3001CADB5 /* p_floor.c */,
				AB6C2C071A7893D3001CADB5 /* p_inter.c */,
				AB6C2C081A7893D3001CADB5 /* p_inter.h */,
				AB6C2C091A7893D3001CADB5 /* p_lights.c */,
				AB6C2C0A1A7893D3001CADB5 /* p_local.h */,
				AB6C2C0B1A7893D3001CADB5 /* p_map.c */,
				AB6C2C0C1A7893D3001CADB5 /* p_maputl.c */,
				AB6C2C0D1A7893D3001CADB5 /* p_mobj.c */,
				AB6C2C0E1A7893D3001CADB5 /* p_mobj.h */,
				AB6C2C0F1A7893D3001CADB5 /* p_plats.c */,
				AB6C2C101A7893D3001CADB5 /* p_pspr.c */,
				AB6C2C111A7893D3001CADB5 /* p_pspr.h */,
				AB6C2C121A7893D3001CADB5 /* p_saveg.c */,
				AB6C2C131A7893D3001CADB5 /* p_saveg.h */,
				AB6C2C141A7893D3001CADB5 /* p_setup.c */,
				AB6C2C151A7893D3001CADB5 /* p_setup.h */,
				AB6C2C161A7893D3001CADB5 /* p_sight.c */,
				AB6C2C171A7893D3001CADB5 /* p_spec.c */,
				AB6C2C181A7893D3001CADB5 /* p_spec.h */,
				AB6C2C191A7893D3001CADB5 /* p_switch.c */,
				AB6C2C1A1A7893D3001CADB5 /* p_telept.c */,
				AB6C2C1B1A7893D3001CADB5 /* p_tick.c */,
				AB6C2C1C1A7893D3001CADB5 /* p_tick.h */,
				AB6C2C1D1A7893D3001CADB5 /* p_user.c */,
				AB6C2C1E1A7893D3001CADB5 /* r_bsp.c */,
				AB6C2C1F1A7893D3001CADB5 /* r_bsp.h */,
				AB6C2C201A7893D3001CADB5 /* r_data.c */,
				AB6C2C211A7893D3001CADB5 /* r_data.h */,
				AB6C2C221A7893D3001CADB5 /* r_defs.h */,
				AB6C2C231A7893D3001CADB5 /* r_draw.c */,
				AB6C2C241A7893D3001CADB5 /* r_draw.h */,
				AB6C2C251A7893D3001CADB5 /* r_local.h */,
				AB6C2C261A7893D3001CADB5 /* r_main.c */,
				AB6C2C271A7893D3001CADB5 /* r_main.h */,
				AB6C2C281A7893D3001CADB5 /* r_plane.c */,
				AB6C2C291A7893D3001CADB5 /* r_plane.h */,
				AB6C2C2A1A7893D3001CADB5 /* r_segs.c */,
				AB6C2C2B1A7893D3001CADB5 /* r_segs.h */,
				AB6C2C2C1A7893D3001CADB5 /* r_sky.c */,
				AB6C2C2D1A7893D3001CADB5 /* r_sky.h */,
				AB6C2C2E1A7893D3001CADB5 /* r_state.h */,
				AB6C2C2F1A7893D3001CADB5 /* r_things.c */,
				AB6C2C301A7893D3001CADB5 /* r_things.h */,
				AB6C2C311A7893D3001CADB5 /* s_sound.c */,
				AB6C2C321A7893D3001CADB5 /* s_sound.h */,
				AB6C2C331A7893D3001CADB5 /* sounds.c */,
				AB6C2C341A7893D3001CADB5 /* sounds.h */,
				AB6C2C351A7893D3001CADB5 /* st_lib.c */,
				AB6C2C361A7893D3001CADB5 /* st_lib.h */,
				AB6C2C371A7893D3001CADB5 /* st_stuff.c */,
				AB6C2C381A7893D3001CADB5 /* st_stuff.h */,
				AB6C2C391A7893D3001CADB5 /* stdint.h */,
				AB6C2C3A1A7893D3001CADB5 /* tables.h */,
				AB6C2C3B1A7893D3001CADB5 /* v_data.c */,
				AB6C2C3C1A7893D3001CADB5 /* v_data.h */,
				AB6C2C3D1A7893D3001CADB5 /* v_video.c */,
				AB6C2C3E1A7893D3001CADB5 /* v_video.h */,
				AB6C2C3F1A7893D3001CADB5 /* version.h */,
				AB6C2C401A7893D3001CADB5 /* w_file_posix.c */,
				AB6C2C411A7893D3001CADB5 /* w_file_stdc.c */,
				AB6C2C421A7893D3001CADB5 /* w_file_win32.c */,
				AB6C2C431A7893D3001CADB5 /* w_file.c */,
				AB6C2C441A7893D3001CADB5 /* w_file.h */,
				AB6C2C451A7893D3001CADB5 /* w_merge.c */,
				AB6C2C461A7893D3001CADB5 /* w_merge.h */,
				AB6C2C471A7893D3001CADB5 /* w_wad.c */,
				AB6C2C481A7893D3001CADB5 /* w_wad.h */,
				AB6C2C491A7893D3001CADB5 /* wi_stuff.c */,
				AB6C2C4A1A7893D3001CADB5 /* wi_stuff.h */,
				AB6C2C4B1A7893D3001CADB5 /* z_zone.c */,
				AB6C2C4C1A7893D3001CADB5 /* z_zone.h */,
				AB6C2B991A78939E001CADB5 /* am_map.c */,
				AB6C2B9A1A78939E001CADB5 /* am_map.h */,
				AB6C2B9B1A78939E001CADB5 /* d_deh.c */,
				AB6C2B9C1A78939E001CADB5 /* d_deh.h */,
				AB6C2B9D1A78939E001CADB5 /* d_englsh.h */,
				AB6C2B9E1A78939E001CADB5 /* d_event.h */,
				AB6C2B9F1A78939E001CADB5 /* d_items.c */,
				AB6C2BA01A78939E001CADB5 /* d_items.h */,
				AB6C2BA11A78939E001CADB5 /* d_iwad.c */,
				AB6C2BA21A78939E001CADB5 /* d_iwad.h */,
				AB6C2BA31A78939E001CADB5 /* d_main.c */,
				AB6C2BA41A78939E001CADB5 /* d_main.h */,
				AB6C2BA51A78939E001CADB5 /* d_net.c */,
				AB6C2BA61A78939E001CADB5 /* d_net.h */,
				AB6C2BA71A78939E001CADB5 /* d_player.h */,
				AB6C2BA81A78939E001CADB5 /* d_think.h */,
				AB6C2BA91A78939E001CADB5 /* d_ticcmd.h */,
				AB6C2BAA1A78939E001CADB5 /* doomdata.h */,
				AB6C2BAB1A78939E001CADB5 /* doomdef.h */,
				AB6C2BAC1A78939E001CADB5 /* doomkeys.h */,
				AB6C2BAD1A78939E001CADB5 /* doomstat.c */,
				AB6C2BAE1A78939E001CADB5 /* doomstat.h */,
				AB6C2BAF1A78939E001CADB5 /* doomtype.h */,
				AB6C2BB01A78939E001CADB5 /* dstrings.c */,
				AB6C2BB11A78939E001CADB5 /* dstrings.h */,
				AB6C2BB21A78939E001CADB5 /* f_finale.c */,
				AB6C2BB31A78939E001CADB5 /* f_finale.h */,
				AB6C2BB41A78939E001CADB5 /* f_wipe.c */,
				AB6C2BB51A78939E001CADB5 /* f_wipe.h */,
				AB6C2BB61A78939E001CADB5 /* g_game.c */,
				AB6C2BB71A78939E001CADB5 /* g_game.h */,
				AB6C2BB81A78939E001CADB5 /* hu_lib.c */,
				AB6C2BB91A78939E001CADB5 /* hu_lib.h */,
				AB6C2BBA1A78939E001CADB5 /* hu_stuff.c */,
				AB6C2BBB1A78939E001CADB5 /* hu_stuff.h */,
				AB6C2BBC1A78939E001CADB5 /* i_gamepad.c */,
				AB6C2BBD1A78939E001CADB5 /* i_gamepad.h */,
				AB6C2BBE1A78939E001CADB5 /* i_main.c */,
				AB6C2BBF1A78939E001CADB5 /* i_sdlmusic.c */,
				AB6C2BC01A78939E001CADB5 /* i_sdlsound.c */,
				AB6C2BC11A78939E001CADB5 /* i_swap.h */,
				AB6C2BC21A78939E001CADB5 /* i_system.c */,
				AB6C2BC31A78939E001CADB5 /* i_system.h */,
				AB6C2BC41A78939E001CADB5 /* i_timer.c */,
				AB86A9811A7B35A1002FADD1 /* i_timer.h */,
				AB6C2BC61A78939E001CADB5 /* i_tinttab.c */,
				AB6C2BC71A78939E001CADB5 /* i_tinttab.h */,
				AB6C2BC81A78939E001CADB5 /* i_video.c */,
				AB6C2BC91A78939E001CADB5 /* i_video.h */,
				AB6C2BCA1A78939E001CADB5 /* info.c */,
				AB6C2BCB1A78939E001CADB5 /* info.h */,
				AB6C2BCC1A78939E001CADB5 /* inttypes.h */,
				AB6C2BCD1A78939E001CADB5 /* m_argv.c */,
				AB6C2BCE1A78939E001CADB5 /* m_argv.h */,
				AB6C2BCF1A78939E001CADB5 /* m_bbox.c */,
				AB6C2BD01A78939E001CADB5 /* m_bbox.h */,
				AB6C2BD11A78939E001CADB5 /* m_cheat.c */,
				AB6C2BD21A78939E001CADB5 /* m_cheat.h */,
				AB6C2BD31A78939E001CADB5 /* m_config.c */,
				AB6C2BD41A78939E001CADB5 /* m_config.h */,
				AB6C2BD51A78939E001CADB5 /* m_fixed.c */,
				AB6C2BD61A78939E001CADB5 /* m_fixed.h */,
				AB6C2BD71A78939E001CADB5 /* m_menu.c */,
				AB6C2BD81A78939E001CADB5 /* m_menu.h */,
				AB6C2BD91A78939E001CADB5 /* m_misc.c */,
				AB6C2BDA1A78939E001CADB5 /* m_misc.h */,
				AB6C2BDB1A78939E001CADB5 /* m_random.c */,
				AB6C2BDC1A78939E001CADB5 /* m_random.h */,
			);
			path = doomretro;
			sourceTree = "<group>";
		};
/* End PBXGroup section */

/* Begin PBXNativeTarget section */
		AB6C2B8E1A788E18001CADB5 /* x86_64 */ = {
			isa = PBXNativeTarget;
			buildConfigurationList = AB6C2B961A788E18001CADB5 /* Build configuration list for PBXNativeTarget "x86_64" */;
			buildPhases = (
				AB6C2B8B1A788E18001CADB5 /* Sources */,
				AB6C2B8C1A788E18001CADB5 /* Frameworks */,
				AB6C2B8D1A788E18001CADB5 /* CopyFiles */,
			);
			buildRules = (
			);
			dependencies = (
			);
			name = x86_64;
			productName = doomretro;
			productReference = AB6C2B8F1A788E18001CADB5 /* doomretro_x86_64 */;
			productType = "com.apple.product-type.tool";
		};
/* End PBXNativeTarget section */

/* Begin PBXProject section */
		AB6C2B871A788E18001CADB5 /* Project object */ = {
			isa = PBXProject;
			attributes = {
				LastUpgradeCheck = 0610;
				ORGANIZATIONNAME = calaverajo;
				TargetAttributes = {
					AB6C2B8E1A788E18001CADB5 = {
						CreatedOnToolsVersion = 6.1.1;
					};
				};
			};
			buildConfigurationList = AB6C2B8A1A788E18001CADB5 /* Build configuration list for PBXProject "doomretro" */;
			compatibilityVersion = "Xcode 3.2";
			developmentRegion = English;
			hasScannedForEncodings = 0;
			knownRegions = (
				en,
			);
			mainGroup = AB6C2B861A788E18001CADB5;
			productRefGroup = AB6C2B901A788E18001CADB5 /* Products */;
			projectDirPath = "";
			projectRoot = "";
			targets = (
				AB6C2B8E1A788E18001CADB5 /* x86_64 */,
			);
		};
/* End PBXProject section */

/* Begin PBXSourcesBuildPhase section */
		AB6C2B8B1A788E18001CADB5 /* Sources */ = {
			isa = PBXSourcesBuildPhase;
			buildActionMask = 2147483647;
			files = (
				AB6C2BF71A78939E001CADB5 /* m_fixed.c in Sources */,
				AB6C2BEB1A78939E001CADB5 /* i_main.c in Sources */,
				AB6C2BE91A78939E001CADB5 /* hu_stuff.c in Sources */,
				AB6C2BEE1A78939E001CADB5 /* i_system.c in Sources */,
				AB6C2BE81A78939E001CADB5 /* hu_lib.c in Sources */,
				AB6C2C631A7893D3001CADB5 /* p_user.c in Sources */,
				AB6C2BE51A78939E001CADB5 /* f_finale.c in Sources */,
				AB6C2BE21A78939E001CADB5 /* d_net.c in Sources */,
				AB6C2BE41A78939E001CADB5 /* dstrings.c in Sources */,
				AB6C2C731A7893D3001CADB5 /* w_file_stdc.c in Sources */,
				AB6C2C691A7893D3001CADB5 /* r_segs.c in Sources */,
				AB6C2C5E1A7893D3001CADB5 /* p_sight.c in Sources */,
				AB6C2BFA1A78939E001CADB5 /* m_random.c in Sources */,
				AB6C2C531A7893D3001CADB5 /* p_fix.c in Sources */,
				AB6C2BE11A78939E001CADB5 /* d_main.c in Sources */,
				AB6C2C501A7893D3001CADB5 /* p_ceilng.c in Sources */,
				AB6C2BF41A78939E001CADB5 /* m_bbox.c in Sources */,
				AB6C2C771A7893D3001CADB5 /* w_wad.c in Sources */,
				AB6C2C561A7893D3001CADB5 /* p_lights.c in Sources */,
				AB6C2C541A7893D3001CADB5 /* p_floor.c in Sources */,
				AB6C2BF31A78939E001CADB5 /* m_argv.c in Sources */,
				AB6C2C6B1A7893D3001CADB5 /* r_things.c in Sources */,
				AB6C2C5D1A7893D3001CADB5 /* p_setup.c in Sources */,
				AB6C2BED1A78939E001CADB5 /* i_sdlsound.c in Sources */,
				AB6C2C751A7893D3001CADB5 /* w_file.c in Sources */,
				AB6C2C6E1A7893D3001CADB5 /* st_lib.c in Sources */,
				AB6C2C5C1A7893D3001CADB5 /* p_saveg.c in Sources */,
				AB6C2C581A7893D3001CADB5 /* p_maputl.c in Sources */,
				AB6C2C4D1A7893D3001CADB5 /* memio.c in Sources */,
				AB6C2C601A7893D3001CADB5 /* p_switch.c in Sources */,
				AB558ED01A8B0C4C005AA830 /* c_console.c in Sources */,
				AB6C2C721A7893D3001CADB5 /* w_file_posix.c in Sources */,
				AB6C2BE71A78939E001CADB5 /* g_game.c in Sources */,
				AB6C2BDE1A78939E001CADB5 /* d_deh.c in Sources */,
				AB6C2C5A1A7893D3001CADB5 /* p_plats.c in Sources */,
				AB6C2C681A7893D3001CADB5 /* r_plane.c in Sources */,
				AB6C2BF81A78939E001CADB5 /* m_menu.c in Sources */,
				AB6C2C6C1A7893D3001CADB5 /* s_sound.c in Sources */,
				AB6C2C5F1A7893D3001CADB5 /* p_spec.c in Sources */,
				AB6C2C6F1A7893D3001CADB5 /* st_stuff.c in Sources */,
				AB6C2C551A7893D3001CADB5 /* p_inter.c in Sources */,
				AB6C2C701A7893D3001CADB5 /* v_data.c in Sources */,
				AB6C2BF61A78939E001CADB5 /* m_config.c in Sources */,
				AB6C2C571A7893D3001CADB5 /* p_map.c in Sources */,
				AB6C2C611A7893D3001CADB5 /* p_telept.c in Sources */,
				AB6C2C591A7893D3001CADB5 /* p_mobj.c in Sources */,
				AB6C2C511A7893D3001CADB5 /* p_doors.c in Sources */,
				AB6C2BF51A78939E001CADB5 /* m_cheat.c in Sources */,
				AB6C2BEC1A78939E001CADB5 /* i_sdlmusic.c in Sources */,
				AB6C2C651A7893D3001CADB5 /* r_data.c in Sources */,
				AB6C2C4F1A7893D3001CADB5 /* mus2mid.c in Sources */,
				AB558ECF1A8B0C4C005AA830 /* c_cmds.c in Sources */,
				AB6C2C671A7893D3001CADB5 /* r_main.c in Sources */,
				AB6C2C521A7893D3001CADB5 /* p_enemy.c in Sources */,
				AB6C2BE61A78939E001CADB5 /* f_wipe.c in Sources */,
				AB6C2C791A7893D3001CADB5 /* z_zone.c in Sources */,
				AB6C2C621A7893D3001CADB5 /* p_tick.c in Sources */,
				AB6C2BEF1A78939E001CADB5 /* i_timer.c in Sources */,
				AB6C2C641A7893D3001CADB5 /* r_bsp.c in Sources */,
				AB6C2BEA1A78939E001CADB5 /* i_gamepad.c in Sources */,
				AB6C2C761A7893D3001CADB5 /* w_merge.c in Sources */,
				AB6C2C741A7893D3001CADB5 /* w_file_win32.c in Sources */,
				AB6C2C6A1A7893D3001CADB5 /* r_sky.c in Sources */,
				AB6C2BE31A78939E001CADB5 /* doomstat.c in Sources */,
				AB6C2BE01A78939E001CADB5 /* d_iwad.c in Sources */,
				AB6C2C781A7893D3001CADB5 /* wi_stuff.c in Sources */,
				AB6C2C6D1A7893D3001CADB5 /* sounds.c in Sources */,
				AB6C2BF91A78939E001CADB5 /* m_misc.c in Sources */,
				AB6C2C661A7893D3001CADB5 /* r_draw.c in Sources */,
				AB6C2BF21A78939E001CADB5 /* info.c in Sources */,
				AB6C2C5B1A7893D3001CADB5 /* p_pspr.c in Sources */,
				AB6C2C711A7893D3001CADB5 /* v_video.c in Sources */,
				AB6C2BDF1A78939E001CADB5 /* d_items.c in Sources */,
				AB6C2BF01A78939E001CADB5 /* i_tinttab.c in Sources */,
				AB6C2BDD1A78939E001CADB5 /* am_map.c in Sources */,
				AB6C2C4E1A7893D3001CADB5 /* midifile.c in Sources */,
				AB6C2BF11A78939E001CADB5 /* i_video.c in Sources */,
			);
			runOnlyForDeploymentPostprocessing = 0;
		};
/* End PBXSourcesBuildPhase section */

/* Begin XCBuildConfiguration section */
		AB6C2B941A788E18001CADB5 /* Debug */ = {
			isa = XCBuildConfiguration;
			buildSettings = {
				ALWAYS_SEARCH_USER_PATHS = NO;
				CLANG_CXX_LANGUAGE_STANDARD = "gnu++0x";
				CLANG_CXX_LIBRARY = "libc++";
				CLANG_ENABLE_MODULES = YES;
				CLANG_ENABLE_OBJC_ARC = YES;
				CLANG_WARN_BOOL_CONVERSION = YES;
				CLANG_WARN_CONSTANT_CONVERSION = YES;
				CLANG_WARN_DIRECT_OBJC_ISA_USAGE = YES_ERROR;
				CLANG_WARN_EMPTY_BODY = YES;
				CLANG_WARN_ENUM_CONVERSION = YES;
				CLANG_WARN_INT_CONVERSION = YES;
				CLANG_WARN_OBJC_ROOT_CLASS = YES_ERROR;
				CLANG_WARN_UNREACHABLE_CODE = YES;
				CLANG_WARN__DUPLICATE_METHOD_MATCH = YES;
				COPY_PHASE_STRIP = NO;
				ENABLE_STRICT_OBJC_MSGSEND = YES;
				GCC_C_LANGUAGE_STANDARD = gnu99;
				GCC_DYNAMIC_NO_PIC = NO;
				GCC_OPTIMIZATION_LEVEL = 0;
				GCC_PREPROCESSOR_DEFINITIONS = (
					"DEBUG=1",
					"$(inherited)",
					SDL20,
				);
				"GCC_PREPROCESSOR_DEFINITIONS[arch=*]" = (
					"DEBUG=1",
					"$(inherited)",
				);
				GCC_SYMBOLS_PRIVATE_EXTERN = NO;
				GCC_WARN_64_TO_32_BIT_CONVERSION = YES;
				GCC_WARN_ABOUT_RETURN_TYPE = YES_ERROR;
				GCC_WARN_UNDECLARED_SELECTOR = YES;
				GCC_WARN_UNINITIALIZED_AUTOS = YES_AGGRESSIVE;
				GCC_WARN_UNUSED_FUNCTION = YES;
				GCC_WARN_UNUSED_VARIABLE = YES;
				HEADER_SEARCH_PATHS = "";
				MACOSX_DEPLOYMENT_TARGET = 10.10;
				MTL_ENABLE_DEBUG_INFO = YES;
				ONLY_ACTIVE_ARCH = YES;
				PRODUCT_NAME = doomretro;
				SDKROOT = macosx;
				USER_HEADER_SEARCH_PATHS = "";
			};
			name = Debug;
		};
		AB6C2B951A788E18001CADB5 /* Release */ = {
			isa = XCBuildConfiguration;
			buildSettings = {
				ALWAYS_SEARCH_USER_PATHS = NO;
				CLANG_CXX_LANGUAGE_STANDARD = "gnu++0x";
				CLANG_CXX_LIBRARY = "libc++";
				CLANG_ENABLE_MODULES = YES;
				CLANG_ENABLE_OBJC_ARC = YES;
				CLANG_WARN_BOOL_CONVERSION = YES;
				CLANG_WARN_CONSTANT_CONVERSION = YES;
				CLANG_WARN_DIRECT_OBJC_ISA_USAGE = YES_ERROR;
				CLANG_WARN_EMPTY_BODY = YES;
				CLANG_WARN_ENUM_CONVERSION = YES;
				CLANG_WARN_INT_CONVERSION = YES;
				CLANG_WARN_OBJC_ROOT_CLASS = YES_ERROR;
				CLANG_WARN_UNREACHABLE_CODE = YES;
				CLANG_WARN__DUPLICATE_METHOD_MATCH = YES;
				COPY_PHASE_STRIP = YES;
				DEBUG_INFORMATION_FORMAT = "dwarf-with-dsym";
				ENABLE_NS_ASSERTIONS = NO;
				ENABLE_STRICT_OBJC_MSGSEND = YES;
				GCC_C_LANGUAGE_STANDARD = gnu99;
				GCC_PREPROCESSOR_DEFINITIONS = SDL20;
				"GCC_PREPROCESSOR_DEFINITIONS[arch=*]" = SDL20;
				GCC_WARN_64_TO_32_BIT_CONVERSION = YES;
				GCC_WARN_ABOUT_RETURN_TYPE = YES_ERROR;
				GCC_WARN_UNDECLARED_SELECTOR = YES;
				GCC_WARN_UNINITIALIZED_AUTOS = YES_AGGRESSIVE;
				GCC_WARN_UNUSED_FUNCTION = YES;
				GCC_WARN_UNUSED_VARIABLE = YES;
				HEADER_SEARCH_PATHS = "";
				MACOSX_DEPLOYMENT_TARGET = 10.10;
				MTL_ENABLE_DEBUG_INFO = NO;
				PRODUCT_NAME = doomretro;
				SDKROOT = macosx;
				USER_HEADER_SEARCH_PATHS = "";
			};
			name = Release;
		};
		AB6C2B971A788E18001CADB5 /* Debug */ = {
			isa = XCBuildConfiguration;
			buildSettings = {
				ARCHS = "$(ARCHS_STANDARD_64_BIT)";
				FRAMEWORK_SEARCH_PATHS = "$(inherited)";
				HEADER_SEARCH_PATHS = "";
				LIBRARY_SEARCH_PATHS = (
					"$(inherited)",
					/usr/local/Cellar/sdl2/2.0.3/lib,
					/usr/local/Cellar/sdl_mixer/1.2.12/lib,
				);
				PRODUCT_NAME = "doomretro_$(TARGET_NAME)";
				USER_HEADER_SEARCH_PATHS = "/usr/local/Cellar/sdl2/2.0.3/include/SDL2 /usr/local/Cellar/sdl_mixer/1.2.12/include/SDL";
				VALID_ARCHS = x86_64;
			};
			name = Debug;
		};
		AB6C2B981A788E18001CADB5 /* Release */ = {
			isa = XCBuildConfiguration;
			buildSettings = {
				ARCHS = "$(ARCHS_STANDARD_64_BIT)";
				FRAMEWORK_SEARCH_PATHS = "$(inherited)";
				HEADER_SEARCH_PATHS = "";
				LIBRARY_SEARCH_PATHS = (
					"$(inherited)",
					/usr/local/Cellar/sdl2/2.0.3/lib,
					/usr/local/Cellar/sdl_mixer/1.2.12/lib,
				);
				PRODUCT_NAME = "doomretro_$(TARGET_NAME)";
				USER_HEADER_SEARCH_PATHS = "/usr/local/Cellar/sdl2/2.0.3/include/SDL2 /usr/local/Cellar/sdl_mixer/1.2.12/include/SDL";
				VALID_ARCHS = x86_64;
			};
			name = Release;
		};
/* End XCBuildConfiguration section */

/* Begin XCConfigurationList section */
		AB6C2B8A1A788E18001CADB5 /* Build configuration list for PBXProject "doomretro" */ = {
			isa = XCConfigurationList;
			buildConfigurations = (
				AB6C2B941A788E18001CADB5 /* Debug */,
				AB6C2B951A788E18001CADB5 /* Release */,
			);
			defaultConfigurationIsVisible = 0;
			defaultConfigurationName = Release;
		};
		AB6C2B961A788E18001CADB5 /* Build configuration list for PBXNativeTarget "x86_64" */ = {
			isa = XCConfigurationList;
			buildConfigurations = (
				AB6C2B971A788E18001CADB5 /* Debug */,
				AB6C2B981A788E18001CADB5 /* Release */,
			);
			defaultConfigurationIsVisible = 0;
			defaultConfigurationName = Release;
		};
/* End XCConfigurationList section */
	};
	rootObject = AB6C2B871A788E18001CADB5 /* Project object */;
}
